// !$*UTF8*$!
{
	archiveVersion = 1;
	classes = {
	};
	objectVersion = 46;
	objects = {

/* Begin PBXBuildFile section */
		FB42F4EB1FF0249A0069A756 /* AERO.txt in Resources */ = {isa = PBXBuildFile; fileRef = FB42F4EA1FF0249A0069A756 /* AERO.txt */; };
		FB4959E31FEC24B30095423A /* AppDelegate.swift in Sources */ = {isa = PBXBuildFile; fileRef = FB4959E21FEC24B30095423A /* AppDelegate.swift */; };
		FB4959E51FEC24B30095423A /* ViewController.swift in Sources */ = {isa = PBXBuildFile; fileRef = FB4959E41FEC24B30095423A /* ViewController.swift */; };
		FB4959E81FEC24B30095423A /* Main.storyboard in Resources */ = {isa = PBXBuildFile; fileRef = FB4959E61FEC24B30095423A /* Main.storyboard */; };
		FB4959EA1FEC24B30095423A /* Assets.xcassets in Resources */ = {isa = PBXBuildFile; fileRef = FB4959E91FEC24B30095423A /* Assets.xcassets */; };
		FB4959ED1FEC24B30095423A /* LaunchScreen.storyboard in Resources */ = {isa = PBXBuildFile; fileRef = FB4959EB1FEC24B30095423A /* LaunchScreen.storyboard */; };
		FB4959F51FEC33640095423A /* dept.txt in Resources */ = {isa = PBXBuildFile; fileRef = FB4959F41FEC33640095423A /* dept.txt */; };
		FB495A081FEC3B620095423A /* BIO.txt in Resources */ = {isa = PBXBuildFile; fileRef = FB4959F91FEC3B620095423A /* BIO.txt */; };
		FB495A091FEC3B620095423A /* BME.txt in Resources */ = {isa = PBXBuildFile; fileRef = FB4959FA1FEC3B620095423A /* BME.txt */; };
		FB495A0A1FEC3B620095423A /* CEE.txt in Resources */ = {isa = PBXBuildFile; fileRef = FB4959FB1FEC3B620095423A /* CEE.txt */; };
		FB495A0B1FEC3B620095423A /* CHE.txt in Resources */ = {isa = PBXBuildFile; fileRef = FB4959FC1FEC3B620095423A /* CHE.txt */; };
		FB495A0C1FEC3B620095423A /* CHEM.txt in Resources */ = {isa = PBXBuildFile; fileRef = FB4959FD1FEC3B620095423A /* CHEM.txt */; };
		FB495A0D1FEC3B620095423A /* EECS.txt in Resources */ = {isa = PBXBuildFile; fileRef = FB4959FE1FEC3B620095423A /* EECS.txt */; };
		FB495A0E1FEC3B620095423A /* ENGR.txt in Resources */ = {isa = PBXBuildFile; fileRef = FB4959FF1FEC3B620095423A /* ENGR.txt */; };
		FB495A0F1FEC3B620095423A /* HUMANTIES.txt in Resources */ = {isa = PBXBuildFile; fileRef = FB495A001FEC3B620095423A /* HUMANTIES.txt */; };
		FB495A101FEC3B620095423A /* IOE.txt in Resources */ = {isa = PBXBuildFile; fileRef = FB495A011FEC3B620095423A /* IOE.txt */; };
		FB495A111FEC3B620095423A /* MATH.txt in Resources */ = {isa = PBXBuildFile; fileRef = FB495A021FEC3B620095423A /* MATH.txt */; };
		FB495A121FEC3B620095423A /* ME.txt in Resources */ = {isa = PBXBuildFile; fileRef = FB495A031FEC3B620095423A /* ME.txt */; };
		FB495A131FEC3B620095423A /* MSE.txt in Resources */ = {isa = PBXBuildFile; fileRef = FB495A041FEC3B620095423A /* MSE.txt */; };
		FB495A141FEC3B620095423A /* NAME.txt in Resources */ = {isa = PBXBuildFile; fileRef = FB495A051FEC3B620095423A /* NAME.txt */; };
		FB495A151FEC3B620095423A /* PHYS.txt in Resources */ = {isa = PBXBuildFile; fileRef = FB495A061FEC3B620095423A /* PHYS.txt */; };
		FB495A161FEC3B620095423A /* STATS.txt in Resources */ = {isa = PBXBuildFile; fileRef = FB495A071FEC3B620095423A /* STATS.txt */; };
/* End PBXBuildFile section */

/* Begin PBXFileReference section */
		FB42F4EA1FF0249A0069A756 /* AERO.txt */ = {isa = PBXFileReference; fileEncoding = 4; lastKnownFileType = text; path = AERO.txt; sourceTree = "<group>"; };
		FB4959DF1FEC24B30095423A /* EECS-iOS.app */ = {isa = PBXFileReference; explicitFileType = wrapper.application; includeInIndex = 0; path = "EECS-iOS.app"; sourceTree = BUILT_PRODUCTS_DIR; };
		FB4959E21FEC24B30095423A /* AppDelegate.swift */ = {isa = PBXFileReference; lastKnownFileType = sourcecode.swift; path = AppDelegate.swift; sourceTree = "<group>"; };
		FB4959E41FEC24B30095423A /* ViewController.swift */ = {isa = PBXFileReference; lastKnownFileType = sourcecode.swift; path = ViewController.swift; sourceTree = "<group>"; };
		FB4959E71FEC24B30095423A /* Base */ = {isa = PBXFileReference; lastKnownFileType = file.storyboard; name = Base; path = Base.lproj/Main.storyboard; sourceTree = "<group>"; };
		FB4959E91FEC24B30095423A /* Assets.xcassets */ = {isa = PBXFileReference; lastKnownFileType = folder.assetcatalog; path = Assets.xcassets; sourceTree = "<group>"; };
		FB4959EC1FEC24B30095423A /* Base */ = {isa = PBXFileReference; lastKnownFileType = file.storyboard; name = Base; path = Base.lproj/LaunchScreen.storyboard; sourceTree = "<group>"; };
		FB4959EE1FEC24B30095423A /* Info.plist */ = {isa = PBXFileReference; lastKnownFileType = text.plist.xml; path = Info.plist; sourceTree = "<group>"; };
		FB4959F41FEC33640095423A /* dept.txt */ = {isa = PBXFileReference; fileEncoding = 4; lastKnownFileType = text; path = dept.txt; sourceTree = "<group>"; };
		FB4959F91FEC3B620095423A /* BIO.txt */ = {isa = PBXFileReference; fileEncoding = 4; lastKnownFileType = text; path = BIO.txt; sourceTree = "<group>"; };
		FB4959FA1FEC3B620095423A /* BME.txt */ = {isa = PBXFileReference; fileEncoding = 4; lastKnownFileType = text; path = BME.txt; sourceTree = "<group>"; };
		FB4959FB1FEC3B620095423A /* CEE.txt */ = {isa = PBXFileReference; fileEncoding = 4; lastKnownFileType = text; path = CEE.txt; sourceTree = "<group>"; };
		FB4959FC1FEC3B620095423A /* CHE.txt */ = {isa = PBXFileReference; fileEncoding = 4; lastKnownFileType = text; path = CHE.txt; sourceTree = "<group>"; };
		FB4959FD1FEC3B620095423A /* CHEM.txt */ = {isa = PBXFileReference; fileEncoding = 4; lastKnownFileType = text; path = CHEM.txt; sourceTree = "<group>"; };
		FB4959FE1FEC3B620095423A /* EECS.txt */ = {isa = PBXFileReference; fileEncoding = 4; lastKnownFileType = text; path = EECS.txt; sourceTree = "<group>"; };
		FB4959FF1FEC3B620095423A /* ENGR.txt */ = {isa = PBXFileReference; fileEncoding = 4; lastKnownFileType = text; path = ENGR.txt; sourceTree = "<group>"; };
		FB495A001FEC3B620095423A /* HUMANTIES.txt */ = {isa = PBXFileReference; fileEncoding = 4; lastKnownFileType = text; path = HUMANTIES.txt; sourceTree = "<group>"; };
		FB495A011FEC3B620095423A /* IOE.txt */ = {isa = PBXFileReference; fileEncoding = 4; lastKnownFileType = text; path = IOE.txt; sourceTree = "<group>"; };
		FB495A021FEC3B620095423A /* MATH.txt */ = {isa = PBXFileReference; fileEncoding = 4; lastKnownFileType = text; path = MATH.txt; sourceTree = "<group>"; };
		FB495A031FEC3B620095423A /* ME.txt */ = {isa = PBXFileReference; fileEncoding = 4; lastKnownFileType = text; path = ME.txt; sourceTree = "<group>"; };
		FB495A041FEC3B620095423A /* MSE.txt */ = {isa = PBXFileReference; fileEncoding = 4; lastKnownFileType = text; path = MSE.txt; sourceTree = "<group>"; };
		FB495A051FEC3B620095423A /* NAME.txt */ = {isa = PBXFileReference; fileEncoding = 4; lastKnownFileType = text; path = NAME.txt; sourceTree = "<group>"; };
		FB495A061FEC3B620095423A /* PHYS.txt */ = {isa = PBXFileReference; fileEncoding = 4; lastKnownFileType = text; path = PHYS.txt; sourceTree = "<group>"; };
		FB495A071FEC3B620095423A /* STATS.txt */ = {isa = PBXFileReference; fileEncoding = 4; lastKnownFileType = text; path = STATS.txt; sourceTree = "<group>"; };
/* End PBXFileReference section */

/* Begin PBXFrameworksBuildPhase section */
		FB4959DC1FEC24B30095423A /* Frameworks */ = {
			isa = PBXFrameworksBuildPhase;
			buildActionMask = 2147483647;
			files = (
			);
			runOnlyForDeploymentPostprocessing = 0;
		};
/* End PBXFrameworksBuildPhase section */

/* Begin PBXGroup section */
		FB4959D61FEC24B30095423A = {
			isa = PBXGroup;
			children = (
				FB4959E11FEC24B30095423A /* EECS-iOS */,
				FB4959E01FEC24B30095423A /* Products */,
			);
			sourceTree = "<group>";
		};
		FB4959E01FEC24B30095423A /* Products */ = {
			isa = PBXGroup;
			children = (
				FB4959DF1FEC24B30095423A /* EECS-iOS.app */,
			);
			name = Products;
			sourceTree = "<group>";
		};
		FB4959E11FEC24B30095423A /* EECS-iOS */ = {
			isa = PBXGroup;
			children = (
				FB4959E21FEC24B30095423A /* AppDelegate.swift */,
				FB4959E41FEC24B30095423A /* ViewController.swift */,
				FB4959E61FEC24B30095423A /* Main.storyboard */,
				FB4959E91FEC24B30095423A /* Assets.xcassets */,
				FB4959EB1FEC24B30095423A /* LaunchScreen.storyboard */,
				FB4959EE1FEC24B30095423A /* Info.plist */,
				FB4959F61FEC3A800095423A /* txt_files */,
			);
			path = "EECS-iOS";
			sourceTree = "<group>";
		};
		FB4959F61FEC3A800095423A /* txt_files */ = {
			isa = PBXGroup;
			children = (
				FB4959F41FEC33640095423A /* dept.txt */,
				FB42F4EA1FF0249A0069A756 /* AERO.txt */,
				FB4959F91FEC3B620095423A /* BIO.txt */,
				FB4959FA1FEC3B620095423A /* BME.txt */,
				FB4959FB1FEC3B620095423A /* CEE.txt */,
				FB4959FC1FEC3B620095423A /* CHE.txt */,
				FB4959FD1FEC3B620095423A /* CHEM.txt */,
				FB4959FE1FEC3B620095423A /* EECS.txt */,
				FB4959FF1FEC3B620095423A /* ENGR.txt */,
				FB495A001FEC3B620095423A /* HUMANTIES.txt */,
				FB495A011FEC3B620095423A /* IOE.txt */,
				FB495A021FEC3B620095423A /* MATH.txt */,
				FB495A031FEC3B620095423A /* ME.txt */,
				FB495A041FEC3B620095423A /* MSE.txt */,
				FB495A051FEC3B620095423A /* NAME.txt */,
				FB495A061FEC3B620095423A /* PHYS.txt */,
				FB495A071FEC3B620095423A /* STATS.txt */,
			);
			name = txt_files;
			sourceTree = "<group>";
		};
/* End PBXGroup section */

/* Begin PBXNativeTarget section */
		FB4959DE1FEC24B30095423A /* EECS-iOS */ = {
			isa = PBXNativeTarget;
			buildConfigurationList = FB4959F11FEC24B30095423A /* Build configuration list for PBXNativeTarget "EECS-iOS" */;
			buildPhases = (
				FB4959DB1FEC24B30095423A /* Sources */,
				FB4959DC1FEC24B30095423A /* Frameworks */,
				FB4959DD1FEC24B30095423A /* Resources */,
			);
			buildRules = (
			);
			dependencies = (
			);
			name = "EECS-iOS";
			productName = "EECS-iOS";
			productReference = FB4959DF1FEC24B30095423A /* EECS-iOS.app */;
			productType = "com.apple.product-type.application";
		};
/* End PBXNativeTarget section */

/* Begin PBXProject section */
		FB4959D71FEC24B30095423A /* Project object */ = {
			isa = PBXProject;
			attributes = {
				LastSwiftUpdateCheck = 0800;
				LastUpgradeCheck = 0800;
				ORGANIZATIONNAME = "University of Michigan";
				TargetAttributes = {
					FB4959DE1FEC24B30095423A = {
						CreatedOnToolsVersion = 8.0;
						DevelopmentTeam = K8NSFS9D8B;
						ProvisioningStyle = Automatic;
					};
				};
			};
			buildConfigurationList = FB4959DA1FEC24B30095423A /* Build configuration list for PBXProject "EECS-iOS" */;
			compatibilityVersion = "Xcode 3.2";
			developmentRegion = English;
			hasScannedForEncodings = 0;
			knownRegions = (
				en,
				Base,
			);
			mainGroup = FB4959D61FEC24B30095423A;
			productRefGroup = FB4959E01FEC24B30095423A /* Products */;
			projectDirPath = "";
			projectRoot = "";
			targets = (
				FB4959DE1FEC24B30095423A /* EECS-iOS */,
			);
		};
/* End PBXProject section */

/* Begin PBXResourcesBuildPhase section */
		FB4959DD1FEC24B30095423A /* Resources */ = {
			isa = PBXResourcesBuildPhase;
			buildActionMask = 2147483647;
			files = (
				FB495A141FEC3B620095423A /* NAME.txt in Resources */,
				FB495A0D1FEC3B620095423A /* EECS.txt in Resources */,
				FB4959ED1FEC24B30095423A /* LaunchScreen.storyboard in Resources */,
				FB495A111FEC3B620095423A /* MATH.txt in Resources */,
				FB4959EA1FEC24B30095423A /* Assets.xcassets in Resources */,
				FB42F4EB1FF0249A0069A756 /* AERO.txt in Resources */,
				FB4959E81FEC24B30095423A /* Main.storyboard in Resources */,
				FB495A121FEC3B620095423A /* ME.txt in Resources */,
				FB495A091FEC3B620095423A /* BME.txt in Resources */,
				FB495A0A1FEC3B620095423A /* CEE.txt in Resources */,
				FB495A0C1FEC3B620095423A /* CHEM.txt in Resources */,
				FB495A0B1FEC3B620095423A /* CHE.txt in Resources */,
				FB495A131FEC3B620095423A /* MSE.txt in Resources */,
				FB495A161FEC3B620095423A /* STATS.txt in Resources */,
				FB495A081FEC3B620095423A /* BIO.txt in Resources */,
				FB495A0F1FEC3B620095423A /* HUMANTIES.txt in Resources */,
				FB495A151FEC3B620095423A /* PHYS.txt in Resources */,
				FB4959F51FEC33640095423A /* dept.txt in Resources */,
				FB495A0E1FEC3B620095423A /* ENGR.txt in Resources */,
				FB495A101FEC3B620095423A /* IOE.txt in Resources */,
			);
			runOnlyForDeploymentPostprocessing = 0;
		};
/* End PBXResourcesBuildPhase section */

/* Begin PBXSourcesBuildPhase section */
		FB4959DB1FEC24B30095423A /* Sources */ = {
			isa = PBXSourcesBuildPhase;
			buildActionMask = 2147483647;
			files = (
				FB4959E51FEC24B30095423A /* ViewController.swift in Sources */,
				FB4959E31FEC24B30095423A /* AppDelegate.swift in Sources */,
			);
			runOnlyForDeploymentPostprocessing = 0;
		};
/* End PBXSourcesBuildPhase section */

/* Begin PBXVariantGroup section */
		FB4959E61FEC24B30095423A /* Main.storyboard */ = {
			isa = PBXVariantGroup;
			children = (
				FB4959E71FEC24B30095423A /* Base */,
			);
			name = Main.storyboard;
			sourceTree = "<group>";
		};
		FB4959EB1FEC24B30095423A /* LaunchScreen.storyboard */ = {
			isa = PBXVariantGroup;
			children = (
				FB4959EC1FEC24B30095423A /* Base */,
			);
			name = LaunchScreen.storyboard;
			sourceTree = "<group>";
		};
/* End PBXVariantGroup section */

/* Begin XCBuildConfiguration section */
		FB4959EF1FEC24B30095423A /* Debug */ = {
			isa = XCBuildConfiguration;
			buildSettings = {
				ALWAYS_SEARCH_USER_PATHS = NO;
				CLANG_ANALYZER_NONNULL = YES;
				CLANG_CXX_LANGUAGE_STANDARD = "gnu++0x";
				CLANG_CXX_LIBRARY = "libc++";
				CLANG_ENABLE_MODULES = YES;
				CLANG_ENABLE_OBJC_ARC = YES;
				CLANG_WARN_BOOL_CONVERSION = YES;
				CLANG_WARN_CONSTANT_CONVERSION = YES;
				CLANG_WARN_DIRECT_OBJC_ISA_USAGE = YES_ERROR;
				CLANG_WARN_DOCUMENTATION_COMMENTS = YES;
				CLANG_WARN_EMPTY_BODY = YES;
				CLANG_WARN_ENUM_CONVERSION = YES;
				CLANG_WARN_INFINITE_RECURSION = YES;
				CLANG_WARN_INT_CONVERSION = YES;
				CLANG_WARN_OBJC_ROOT_CLASS = YES_ERROR;
				CLANG_WARN_SUSPICIOUS_MOVES = YES;
				CLANG_WARN_UNREACHABLE_CODE = YES;
				CLANG_WARN__DUPLICATE_METHOD_MATCH = YES;
				"CODE_SIGN_IDENTITY[sdk=iphoneos*]" = "iPhone Developer";
				COPY_PHASE_STRIP = NO;
				DEBUG_INFORMATION_FORMAT = dwarf;
				ENABLE_STRICT_OBJC_MSGSEND = YES;
				ENABLE_TESTABILITY = YES;
				GCC_C_LANGUAGE_STANDARD = gnu99;
				GCC_DYNAMIC_NO_PIC = NO;
				GCC_NO_COMMON_BLOCKS = YES;
				GCC_OPTIMIZATION_LEVEL = 0;
				GCC_PREPROCESSOR_DEFINITIONS = (
					"DEBUG=1",
					"$(inherited)",
				);
				GCC_WARN_64_TO_32_BIT_CONVERSION = YES;
				GCC_WARN_ABOUT_RETURN_TYPE = YES_ERROR;
				GCC_WARN_UNDECLARED_SELECTOR = YES;
				GCC_WARN_UNINITIALIZED_AUTOS = YES_AGGRESSIVE;
				GCC_WARN_UNUSED_FUNCTION = YES;
				GCC_WARN_UNUSED_VARIABLE = YES;
				IPHONEOS_DEPLOYMENT_TARGET = 10.0;
				MTL_ENABLE_DEBUG_INFO = YES;
				ONLY_ACTIVE_ARCH = YES;
				SDKROOT = iphoneos;
				SWIFT_ACTIVE_COMPILATION_CONDITIONS = DEBUG;
				SWIFT_OPTIMIZATION_LEVEL = "-Onone";
				TARGETED_DEVICE_FAMILY = "1,2";
			};
			name = Debug;
		};
		FB4959F01FEC24B30095423A /* Release */ = {
			isa = XCBuildConfiguration;
			buildSettings = {
				ALWAYS_SEARCH_USER_PATHS = NO;
				CLANG_ANALYZER_NONNULL = YES;
				CLANG_CXX_LANGUAGE_STANDARD = "gnu++0x";
				CLANG_CXX_LIBRARY = "libc++";
				CLANG_ENABLE_MODULES = YES;
				CLANG_ENABLE_OBJC_ARC = YES;
				CLANG_WARN_BOOL_CONVERSION = YES;
				CLANG_WARN_CONSTANT_CONVERSION = YES;
				CLANG_WARN_DIRECT_OBJC_ISA_USAGE = YES_ERROR;
				CLANG_WARN_DOCUMENTATION_COMMENTS = YES;
				CLANG_WARN_EMPTY_BODY = YES;
				CLANG_WARN_ENUM_CONVERSION = YES;
				CLANG_WARN_INFINITE_RECURSION = YES;
				CLANG_WARN_INT_CONVERSION = YES;
				CLANG_WARN_OBJC_ROOT_CLASS = YES_ERROR;
				CLANG_WARN_SUSPICIOUS_MOVES = YES;
				CLANG_WARN_UNREACHABLE_CODE = YES;
				CLANG_WARN__DUPLICATE_METHOD_MATCH = YES;
				"CODE_SIGN_IDENTITY[sdk=iphoneos*]" = "iPhone Developer";
				COPY_PHASE_STRIP = NO;
				DEBUG_INFORMATION_FORMAT = "dwarf-with-dsym";
				ENABLE_NS_ASSERTIONS = NO;
				ENABLE_STRICT_OBJC_MSGSEND = YES;
				GCC_C_LANGUAGE_STANDARD = gnu99;
				GCC_NO_COMMON_BLOCKS = YES;
				GCC_WARN_64_TO_32_BIT_CONVERSION = YES;
				GCC_WARN_ABOUT_RETURN_TYPE = YES_ERROR;
				GCC_WARN_UNDECLARED_SELECTOR = YES;
				GCC_WARN_UNINITIALIZED_AUTOS = YES_AGGRESSIVE;
				GCC_WARN_UNUSED_FUNCTION = YES;
				GCC_WARN_UNUSED_VARIABLE = YES;
				IPHONEOS_DEPLOYMENT_TARGET = 10.0;
				MTL_ENABLE_DEBUG_INFO = NO;
				SDKROOT = iphoneos;
				SWIFT_OPTIMIZATION_LEVEL = "-Owholemodule";
				TARGETED_DEVICE_FAMILY = "1,2";
				VALIDATE_PRODUCT = YES;
			};
			name = Release;
		};
		FB4959F21FEC24B30095423A /* Debug */ = {
			isa = XCBuildConfiguration;
			buildSettings = {
				ASSETCATALOG_COMPILER_APPICON_NAME = AppIcon;
				DEVELOPMENT_TEAM = K8NSFS9D8B;
				INFOPLIST_FILE = "EECS-iOS/Info.plist";
				LD_RUNPATH_SEARCH_PATHS = "$(inherited) @executable_path/Frameworks";
				PRODUCT_BUNDLE_IDENTIFIER = "edu.umich.eecs.sltries.EECS-iOS";
				PRODUCT_NAME = "$(TARGET_NAME)";
				SWIFT_VERSION = 3.0;
			};
			name = Debug;
		};
		FB4959F31FEC24B30095423A /* Release */ = {
			isa = XCBuildConfiguration;
			buildSettings = {
				ASSETCATALOG_COMPILER_APPICON_NAME = AppIcon;
				DEVELOPMENT_TEAM = K8NSFS9D8B;
				INFOPLIST_FILE = "EECS-iOS/Info.plist";
				LD_RUNPATH_SEARCH_PATHS = "$(inherited) @executable_path/Frameworks";
				PRODUCT_BUNDLE_IDENTIFIER = "edu.umich.eecs.sltries.EECS-iOS";
				PRODUCT_NAME = "$(TARGET_NAME)";
				SWIFT_VERSION = 3.0;
			};
			name = Release;
		};
/* End XCBuildConfiguration section */

/* Begin XCConfigurationList section */
		FB4959DA1FEC24B30095423A /* Build configuration list for PBXProject "EECS-iOS" */ = {
			isa = XCConfigurationList;
			buildConfigurations = (
				FB4959EF1FEC24B30095423A /* Debug */,
				FB4959F01FEC24B30095423A /* Release */,
			);
			defaultConfigurationIsVisible = 0;
			defaultConfigurationName = Release;
		};
		FB4959F11FEC24B30095423A /* Build configuration list for PBXNativeTarget "EECS-iOS" */ = {
			isa = XCConfigurationList;
			buildConfigurations = (
				FB4959F21FEC24B30095423A /* Debug */,
				FB4959F31FEC24B30095423A /* Release */,
			);
			defaultConfigurationIsVisible = 0;
			defaultConfigurationName = Release;
		};
/* End XCConfigurationList section */
	};
	rootObject = FB4959D71FEC24B30095423A /* Project object */;
}
